// !$*UTF8*$!
{
	archiveVersion = 1;
	classes = {
	};
	objectVersion = 55;
	objects = {

/* Begin PBXBuildFile section */
		1DDAA13928A5FF76008573D1 /* AOC2021App.swift in Sources */ = {isa = PBXBuildFile; fileRef = 1DDAA13828A5FF76008573D1 /* AOC2021App.swift */; };
		1DDAA13B28A5FF76008573D1 /* ContentView.swift in Sources */ = {isa = PBXBuildFile; fileRef = 1DDAA13A28A5FF76008573D1 /* ContentView.swift */; };
		1DDAA13D28A5FF7B008573D1 /* Assets.xcassets in Resources */ = {isa = PBXBuildFile; fileRef = 1DDAA13C28A5FF7B008573D1 /* Assets.xcassets */; };
		1DDAA14028A5FF7B008573D1 /* Preview Assets.xcassets in Resources */ = {isa = PBXBuildFile; fileRef = 1DDAA13F28A5FF7B008573D1 /* Preview Assets.xcassets */; };
		1DDAA14828A60078008573D1 /* Day1.swift in Sources */ = {isa = PBXBuildFile; fileRef = 1DDAA14728A60078008573D1 /* Day1.swift */; };
		1DDAA14A28A6009C008573D1 /* Day2.swift in Sources */ = {isa = PBXBuildFile; fileRef = 1DDAA14928A6009C008573D1 /* Day2.swift */; };
		1DDAA14D28A60D18008573D1 /* Index.swift in Sources */ = {isa = PBXBuildFile; fileRef = 1DDAA14C28A60D18008573D1 /* Index.swift */; };
		1DDAA14F28A60FE2008573D1 /* Day1.txt in Resources */ = {isa = PBXBuildFile; fileRef = 1DDAA14E28A60FE2008573D1 /* Day1.txt */; };
		1DDAA15428A61165008573D1 /* Day2.txt in Resources */ = {isa = PBXBuildFile; fileRef = 1DDAA15328A61165008573D1 /* Day2.txt */; };
		1DDAA15628A85138008573D1 /* Day3.swift in Sources */ = {isa = PBXBuildFile; fileRef = 1DDAA15528A85138008573D1 /* Day3.swift */; };
		1DDAA15828A85159008573D1 /* Day3.txt in Resources */ = {isa = PBXBuildFile; fileRef = 1DDAA15728A85159008573D1 /* Day3.txt */; };
		1DDAA15A28A8527F008573D1 /* Day4.swift in Sources */ = {isa = PBXBuildFile; fileRef = 1DDAA15928A8527F008573D1 /* Day4.swift */; };
		1DDAA15C28A85298008573D1 /* Day5.swift in Sources */ = {isa = PBXBuildFile; fileRef = 1DDAA15B28A85298008573D1 /* Day5.swift */; };
		1DDAA15E28A852AD008573D1 /* Day6.swift in Sources */ = {isa = PBXBuildFile; fileRef = 1DDAA15D28A852AD008573D1 /* Day6.swift */; };
		1DDAA16028A852B7008573D1 /* Day7.swift in Sources */ = {isa = PBXBuildFile; fileRef = 1DDAA15F28A852B7008573D1 /* Day7.swift */; };
		1DDAA16228A852D1008573D1 /* Day8.swift in Sources */ = {isa = PBXBuildFile; fileRef = 1DDAA16128A852D1008573D1 /* Day8.swift */; };
		1DDAA16428A852DF008573D1 /* Day9.swift in Sources */ = {isa = PBXBuildFile; fileRef = 1DDAA16328A852DF008573D1 /* Day9.swift */; };
		1DDAA16728A852FB008573D1 /* Day10.swift in Sources */ = {isa = PBXBuildFile; fileRef = 1DDAA16628A852FB008573D1 /* Day10.swift */; };
		1DDAA16A28A85A52008573D1 /* Day4.txt in Resources */ = {isa = PBXBuildFile; fileRef = 1DDAA16928A85A52008573D1 /* Day4.txt */; };
		1DDAA16C28A85A60008573D1 /* Day5.txt in Resources */ = {isa = PBXBuildFile; fileRef = 1DDAA16B28A85A60008573D1 /* Day5.txt */; };
		1DDAA16E28A85A6E008573D1 /* Day6.txt in Resources */ = {isa = PBXBuildFile; fileRef = 1DDAA16D28A85A6E008573D1 /* Day6.txt */; };
		1DDAA17028A85A7D008573D1 /* Day7.txt in Resources */ = {isa = PBXBuildFile; fileRef = 1DDAA16F28A85A7D008573D1 /* Day7.txt */; };
		1DDAA17228A85A8C008573D1 /* Day8.txt in Resources */ = {isa = PBXBuildFile; fileRef = 1DDAA17128A85A8C008573D1 /* Day8.txt */; };
		1DDAA17428A85A99008573D1 /* Day9.txt in Resources */ = {isa = PBXBuildFile; fileRef = 1DDAA17328A85A99008573D1 /* Day9.txt */; };
		1DDAA17628A85AA7008573D1 /* Day10.txt in Resources */ = {isa = PBXBuildFile; fileRef = 1DDAA17528A85AA7008573D1 /* Day10.txt */; };
/* End PBXBuildFile section */

/* Begin PBXFileReference section */
		1DDAA13528A5FF76008573D1 /* AOC2021.app */ = {isa = PBXFileReference; explicitFileType = wrapper.application; includeInIndex = 0; path = AOC2021.app; sourceTree = BUILT_PRODUCTS_DIR; };
		1DDAA13828A5FF76008573D1 /* AOC2021App.swift */ = {isa = PBXFileReference; lastKnownFileType = sourcecode.swift; path = AOC2021App.swift; sourceTree = "<group>"; };
		1DDAA13A28A5FF76008573D1 /* ContentView.swift */ = {isa = PBXFileReference; lastKnownFileType = sourcecode.swift; path = ContentView.swift; sourceTree = "<group>"; };
		1DDAA13C28A5FF7B008573D1 /* Assets.xcassets */ = {isa = PBXFileReference; lastKnownFileType = folder.assetcatalog; path = Assets.xcassets; sourceTree = "<group>"; };
		1DDAA13F28A5FF7B008573D1 /* Preview Assets.xcassets */ = {isa = PBXFileReference; lastKnownFileType = folder.assetcatalog; path = "Preview Assets.xcassets"; sourceTree = "<group>"; };
		1DDAA14128A5FF7B008573D1 /* AOC2021.entitlements */ = {isa = PBXFileReference; lastKnownFileType = text.plist.entitlements; path = AOC2021.entitlements; sourceTree = "<group>"; };
		1DDAA14728A60078008573D1 /* Day1.swift */ = {isa = PBXFileReference; lastKnownFileType = sourcecode.swift; path = Day1.swift; sourceTree = "<group>"; };
		1DDAA14928A6009C008573D1 /* Day2.swift */ = {isa = PBXFileReference; lastKnownFileType = sourcecode.swift; path = Day2.swift; sourceTree = "<group>"; };
		1DDAA14C28A60D18008573D1 /* Index.swift */ = {isa = PBXFileReference; lastKnownFileType = sourcecode.swift; path = Index.swift; sourceTree = "<group>"; };
		1DDAA14E28A60FE2008573D1 /* Day1.txt */ = {isa = PBXFileReference; lastKnownFileType = text; path = Day1.txt; sourceTree = "<group>"; };
		1DDAA15328A61165008573D1 /* Day2.txt */ = {isa = PBXFileReference; fileEncoding = 4; lastKnownFileType = text; path = Day2.txt; sourceTree = "<group>"; };
		1DDAA15528A85138008573D1 /* Day3.swift */ = {isa = PBXFileReference; lastKnownFileType = sourcecode.swift; path = Day3.swift; sourceTree = "<group>"; };
		1DDAA15728A85159008573D1 /* Day3.txt */ = {isa = PBXFileReference; lastKnownFileType = text; path = Day3.txt; sourceTree = "<group>"; };
		1DDAA15928A8527F008573D1 /* Day4.swift */ = {isa = PBXFileReference; lastKnownFileType = sourcecode.swift; path = Day4.swift; sourceTree = "<group>"; };
		1DDAA15B28A85298008573D1 /* Day5.swift */ = {isa = PBXFileReference; lastKnownFileType = sourcecode.swift; path = Day5.swift; sourceTree = "<group>"; };
		1DDAA15D28A852AD008573D1 /* Day6.swift */ = {isa = PBXFileReference; lastKnownFileType = sourcecode.swift; path = Day6.swift; sourceTree = "<group>"; };
		1DDAA15F28A852B7008573D1 /* Day7.swift */ = {isa = PBXFileReference; lastKnownFileType = sourcecode.swift; path = Day7.swift; sourceTree = "<group>"; };
		1DDAA16128A852D1008573D1 /* Day8.swift */ = {isa = PBXFileReference; lastKnownFileType = sourcecode.swift; path = Day8.swift; sourceTree = "<group>"; };
		1DDAA16328A852DF008573D1 /* Day9.swift */ = {isa = PBXFileReference; lastKnownFileType = sourcecode.swift; path = Day9.swift; sourceTree = "<group>"; };
		1DDAA16628A852FB008573D1 /* Day10.swift */ = {isa = PBXFileReference; lastKnownFileType = sourcecode.swift; path = Day10.swift; sourceTree = "<group>"; };
		1DDAA16928A85A52008573D1 /* Day4.txt */ = {isa = PBXFileReference; lastKnownFileType = text; path = Day4.txt; sourceTree = "<group>"; };
		1DDAA16B28A85A60008573D1 /* Day5.txt */ = {isa = PBXFileReference; lastKnownFileType = text; path = Day5.txt; sourceTree = "<group>"; };
		1DDAA16D28A85A6E008573D1 /* Day6.txt */ = {isa = PBXFileReference; lastKnownFileType = text; path = Day6.txt; sourceTree = "<group>"; };
		1DDAA16F28A85A7D008573D1 /* Day7.txt */ = {isa = PBXFileReference; lastKnownFileType = text; path = Day7.txt; sourceTree = "<group>"; };
		1DDAA17128A85A8C008573D1 /* Day8.txt */ = {isa = PBXFileReference; lastKnownFileType = text; path = Day8.txt; sourceTree = "<group>"; };
		1DDAA17328A85A99008573D1 /* Day9.txt */ = {isa = PBXFileReference; lastKnownFileType = text; path = Day9.txt; sourceTree = "<group>"; };
		1DDAA17528A85AA7008573D1 /* Day10.txt */ = {isa = PBXFileReference; lastKnownFileType = text; path = Day10.txt; sourceTree = "<group>"; };
/* End PBXFileReference section */

/* Begin PBXFrameworksBuildPhase section */
		1DDAA13228A5FF76008573D1 /* Frameworks */ = {
			isa = PBXFrameworksBuildPhase;
			buildActionMask = 2147483647;
			files = (
			);
			runOnlyForDeploymentPostprocessing = 0;
		};
/* End PBXFrameworksBuildPhase section */

/* Begin PBXGroup section */
		1DDAA12C28A5FF76008573D1 = {
			isa = PBXGroup;
			children = (
				1DDAA13728A5FF76008573D1 /* AOC2021 */,
				1DDAA13628A5FF76008573D1 /* Products */,
			);
			sourceTree = "<group>";
		};
		1DDAA13628A5FF76008573D1 /* Products */ = {
			isa = PBXGroup;
			children = (
				1DDAA13528A5FF76008573D1 /* AOC2021.app */,
			);
			name = Products;
			sourceTree = "<group>";
		};
		1DDAA13728A5FF76008573D1 /* AOC2021 */ = {
			isa = PBXGroup;
			children = (
				1DDAA14B28A601A7008573D1 /* Code */,
				1DDAA15228A61024008573D1 /* Data */,
				1DDAA14C28A60D18008573D1 /* Index.swift */,
				1DDAA13828A5FF76008573D1 /* AOC2021App.swift */,
				1DDAA13A28A5FF76008573D1 /* ContentView.swift */,
				1DDAA13C28A5FF7B008573D1 /* Assets.xcassets */,
				1DDAA14128A5FF7B008573D1 /* AOC2021.entitlements */,
				1DDAA13E28A5FF7B008573D1 /* Preview Content */,
			);
			path = AOC2021;
			sourceTree = "<group>";
		};
		1DDAA13E28A5FF7B008573D1 /* Preview Content */ = {
			isa = PBXGroup;
			children = (
				1DDAA13F28A5FF7B008573D1 /* Preview Assets.xcassets */,
			);
			path = "Preview Content";
			sourceTree = "<group>";
		};
		1DDAA14B28A601A7008573D1 /* Code */ = {
			isa = PBXGroup;
			children = (
				1DDAA14728A60078008573D1 /* Day1.swift */,
				1DDAA14928A6009C008573D1 /* Day2.swift */,
				1DDAA15528A85138008573D1 /* Day3.swift */,
				1DDAA15928A8527F008573D1 /* Day4.swift */,
				1DDAA15B28A85298008573D1 /* Day5.swift */,
				1DDAA15D28A852AD008573D1 /* Day6.swift */,
				1DDAA15F28A852B7008573D1 /* Day7.swift */,
				1DDAA16128A852D1008573D1 /* Day8.swift */,
				1DDAA16328A852DF008573D1 /* Day9.swift */,
				1DDAA16628A852FB008573D1 /* Day10.swift */,
			);
			path = Code;
			sourceTree = "<group>";
		};
		1DDAA15228A61024008573D1 /* Data */ = {
			isa = PBXGroup;
			children = (
				1DDAA14E28A60FE2008573D1 /* Day1.txt */,
				1DDAA15328A61165008573D1 /* Day2.txt */,
				1DDAA15728A85159008573D1 /* Day3.txt */,
				1DDAA16928A85A52008573D1 /* Day4.txt */,
				1DDAA16B28A85A60008573D1 /* Day5.txt */,
				1DDAA16D28A85A6E008573D1 /* Day6.txt */,
				1DDAA16F28A85A7D008573D1 /* Day7.txt */,
				1DDAA17128A85A8C008573D1 /* Day8.txt */,
				1DDAA17328A85A99008573D1 /* Day9.txt */,
				1DDAA17528A85AA7008573D1 /* Day10.txt */,
			);
			path = Data;
			sourceTree = "<group>";
		};
/* End PBXGroup section */

/* Begin PBXNativeTarget section */
		1DDAA13428A5FF76008573D1 /* AOC2021 */ = {
			isa = PBXNativeTarget;
			buildConfigurationList = 1DDAA14428A5FF7B008573D1 /* Build configuration list for PBXNativeTarget "AOC2021" */;
			buildPhases = (
				1DDAA13128A5FF76008573D1 /* Sources */,
				1DDAA13228A5FF76008573D1 /* Frameworks */,
				1DDAA13328A5FF76008573D1 /* Resources */,
			);
			buildRules = (
			);
			dependencies = (
			);
			name = AOC2021;
			productName = AOC2021;
			productReference = 1DDAA13528A5FF76008573D1 /* AOC2021.app */;
			productType = "com.apple.product-type.application";
		};
/* End PBXNativeTarget section */

/* Begin PBXProject section */
		1DDAA12D28A5FF76008573D1 /* Project object */ = {
			isa = PBXProject;
			attributes = {
				BuildIndependentTargetsInParallel = 1;
				LastSwiftUpdateCheck = 1320;
				LastUpgradeCheck = 1320;
				TargetAttributes = {
					1DDAA13428A5FF76008573D1 = {
						CreatedOnToolsVersion = 13.2.1;
					};
				};
			};
			buildConfigurationList = 1DDAA13028A5FF76008573D1 /* Build configuration list for PBXProject "AOC2021" */;
			compatibilityVersion = "Xcode 13.0";
			developmentRegion = en;
			hasScannedForEncodings = 0;
			knownRegions = (
				en,
				Base,
			);
			mainGroup = 1DDAA12C28A5FF76008573D1;
			productRefGroup = 1DDAA13628A5FF76008573D1 /* Products */;
			projectDirPath = "";
			projectRoot = "";
			targets = (
				1DDAA13428A5FF76008573D1 /* AOC2021 */,
			);
		};
/* End PBXProject section */

/* Begin PBXResourcesBuildPhase section */
		1DDAA13328A5FF76008573D1 /* Resources */ = {
			isa = PBXResourcesBuildPhase;
			buildActionMask = 2147483647;
			files = (
				1DDAA17428A85A99008573D1 /* Day9.txt in Resources */,
				1DDAA17228A85A8C008573D1 /* Day8.txt in Resources */,
				1DDAA17628A85AA7008573D1 /* Day10.txt in Resources */,
				1DDAA15828A85159008573D1 /* Day3.txt in Resources */,
				1DDAA14028A5FF7B008573D1 /* Preview Assets.xcassets in Resources */,
				1DDAA16E28A85A6E008573D1 /* Day6.txt in Resources */,
				1DDAA16A28A85A52008573D1 /* Day4.txt in Resources */,
				1DDAA16C28A85A60008573D1 /* Day5.txt in Resources */,
				1DDAA17028A85A7D008573D1 /* Day7.txt in Resources */,
				1DDAA13D28A5FF7B008573D1 /* Assets.xcassets in Resources */,
				1DDAA15428A61165008573D1 /* Day2.txt in Resources */,
				1DDAA14F28A60FE2008573D1 /* Day1.txt in Resources */,
			);
			runOnlyForDeploymentPostprocessing = 0;
		};
/* End PBXResourcesBuildPhase section */

/* Begin PBXSourcesBuildPhase section */
		1DDAA13128A5FF76008573D1 /* Sources */ = {
			isa = PBXSourcesBuildPhase;
			buildActionMask = 2147483647;
			files = (
				1DDAA15C28A85298008573D1 /* Day5.swift in Sources */,
				1DDAA13B28A5FF76008573D1 /* ContentView.swift in Sources */,
				1DDAA14A28A6009C008573D1 /* Day2.swift in Sources */,
				1DDAA14828A60078008573D1 /* Day1.swift in Sources */,
				1DDAA16428A852DF008573D1 /* Day9.swift in Sources */,
				1DDAA13928A5FF76008573D1 /* AOC2021App.swift in Sources */,
				1DDAA16728A852FB008573D1 /* Day10.swift in Sources */,
				1DDAA16228A852D1008573D1 /* Day8.swift in Sources */,
				1DDAA15A28A8527F008573D1 /* Day4.swift in Sources */,
				1DDAA16028A852B7008573D1 /* Day7.swift in Sources */,
				1DDAA15628A85138008573D1 /* Day3.swift in Sources */,
				1DDAA15E28A852AD008573D1 /* Day6.swift in Sources */,
				1DDAA14D28A60D18008573D1 /* Index.swift in Sources */,
			);
			runOnlyForDeploymentPostprocessing = 0;
		};
/* End PBXSourcesBuildPhase section */

/* Begin XCBuildConfiguration section */
		1DDAA14228A5FF7B008573D1 /* Debug */ = {
			isa = XCBuildConfiguration;
			buildSettings = {
				ALWAYS_SEARCH_USER_PATHS = NO;
				CLANG_ANALYZER_NONNULL = YES;
				CLANG_ANALYZER_NUMBER_OBJECT_CONVERSION = YES_AGGRESSIVE;
				CLANG_CXX_LANGUAGE_STANDARD = "gnu++17";
				CLANG_CXX_LIBRARY = "libc++";
				CLANG_ENABLE_MODULES = YES;
				CLANG_ENABLE_OBJC_ARC = YES;
				CLANG_ENABLE_OBJC_WEAK = YES;
				CLANG_WARN_BLOCK_CAPTURE_AUTORELEASING = YES;
				CLANG_WARN_BOOL_CONVERSION = YES;
				CLANG_WARN_COMMA = YES;
				CLANG_WARN_CONSTANT_CONVERSION = YES;
				CLANG_WARN_DEPRECATED_OBJC_IMPLEMENTATIONS = YES;
				CLANG_WARN_DIRECT_OBJC_ISA_USAGE = YES_ERROR;
				CLANG_WARN_DOCUMENTATION_COMMENTS = YES;
				CLANG_WARN_EMPTY_BODY = YES;
				CLANG_WARN_ENUM_CONVERSION = YES;
				CLANG_WARN_INFINITE_RECURSION = YES;
				CLANG_WARN_INT_CONVERSION = YES;
				CLANG_WARN_NON_LITERAL_NULL_CONVERSION = YES;
				CLANG_WARN_OBJC_IMPLICIT_RETAIN_SELF = YES;
				CLANG_WARN_OBJC_LITERAL_CONVERSION = YES;
				CLANG_WARN_OBJC_ROOT_CLASS = YES_ERROR;
				CLANG_WARN_QUOTED_INCLUDE_IN_FRAMEWORK_HEADER = YES;
				CLANG_WARN_RANGE_LOOP_ANALYSIS = YES;
				CLANG_WARN_STRICT_PROTOTYPES = YES;
				CLANG_WARN_SUSPICIOUS_MOVE = YES;
				CLANG_WARN_UNGUARDED_AVAILABILITY = YES_AGGRESSIVE;
				CLANG_WARN_UNREACHABLE_CODE = YES;
				CLANG_WARN__DUPLICATE_METHOD_MATCH = YES;
				COPY_PHASE_STRIP = NO;
				DEBUG_INFORMATION_FORMAT = dwarf;
				ENABLE_STRICT_OBJC_MSGSEND = YES;
				ENABLE_TESTABILITY = YES;
				GCC_C_LANGUAGE_STANDARD = gnu11;
				GCC_DYNAMIC_NO_PIC = NO;
				GCC_NO_COMMON_BLOCKS = YES;
				GCC_OPTIMIZATION_LEVEL = 0;
				GCC_PREPROCESSOR_DEFINITIONS = (
					"DEBUG=1",
					"$(inherited)",
				);
				GCC_WARN_64_TO_32_BIT_CONVERSION = YES;
				GCC_WARN_ABOUT_RETURN_TYPE = YES_ERROR;
				GCC_WARN_UNDECLARED_SELECTOR = YES;
				GCC_WARN_UNINITIALIZED_AUTOS = YES_AGGRESSIVE;
				GCC_WARN_UNUSED_FUNCTION = YES;
				GCC_WARN_UNUSED_VARIABLE = YES;
				MACOSX_DEPLOYMENT_TARGET = 11.6;
				MTL_ENABLE_DEBUG_INFO = INCLUDE_SOURCE;
				MTL_FAST_MATH = YES;
				ONLY_ACTIVE_ARCH = YES;
				SDKROOT = macosx;
				SWIFT_ACTIVE_COMPILATION_CONDITIONS = DEBUG;
				SWIFT_OPTIMIZATION_LEVEL = "-Onone";
			};
			name = Debug;
		};
		1DDAA14328A5FF7B008573D1 /* Release */ = {
			isa = XCBuildConfiguration;
			buildSettings = {
				ALWAYS_SEARCH_USER_PATHS = NO;
				CLANG_ANALYZER_NONNULL = YES;
				CLANG_ANALYZER_NUMBER_OBJECT_CONVERSION = YES_AGGRESSIVE;
				CLANG_CXX_LANGUAGE_STANDARD = "gnu++17";
				CLANG_CXX_LIBRARY = "libc++";
				CLANG_ENABLE_MODULES = YES;
				CLANG_ENABLE_OBJC_ARC = YES;
				CLANG_ENABLE_OBJC_WEAK = YES;
				CLANG_WARN_BLOCK_CAPTURE_AUTORELEASING = YES;
				CLANG_WARN_BOOL_CONVERSION = YES;
				CLANG_WARN_COMMA = YES;
				CLANG_WARN_CONSTANT_CONVERSION = YES;
				CLANG_WARN_DEPRECATED_OBJC_IMPLEMENTATIONS = YES;
				CLANG_WARN_DIRECT_OBJC_ISA_USAGE = YES_ERROR;
				CLANG_WARN_DOCUMENTATION_COMMENTS = YES;
				CLANG_WARN_EMPTY_BODY = YES;
				CLANG_WARN_ENUM_CONVERSION = YES;
				CLANG_WARN_INFINITE_RECURSION = YES;
				CLANG_WARN_INT_CONVERSION = YES;
				CLANG_WARN_NON_LITERAL_NULL_CONVERSION = YES;
				CLANG_WARN_OBJC_IMPLICIT_RETAIN_SELF = YES;
				CLANG_WARN_OBJC_LITERAL_CONVERSION = YES;
				CLANG_WARN_OBJC_ROOT_CLASS = YES_ERROR;
				CLANG_WARN_QUOTED_INCLUDE_IN_FRAMEWORK_HEADER = YES;
				CLANG_WARN_RANGE_LOOP_ANALYSIS = YES;
				CLANG_WARN_STRICT_PROTOTYPES = YES;
				CLANG_WARN_SUSPICIOUS_MOVE = YES;
				CLANG_WARN_UNGUARDED_AVAILABILITY = YES_AGGRESSIVE;
				CLANG_WARN_UNREACHABLE_CODE = YES;
				CLANG_WARN__DUPLICATE_METHOD_MATCH = YES;
				COPY_PHASE_STRIP = NO;
				DEBUG_INFORMATION_FORMAT = "dwarf-with-dsym";
				ENABLE_NS_ASSERTIONS = NO;
				ENABLE_STRICT_OBJC_MSGSEND = YES;
				GCC_C_LANGUAGE_STANDARD = gnu11;
				GCC_NO_COMMON_BLOCKS = YES;
				GCC_WARN_64_TO_32_BIT_CONVERSION = YES;
				GCC_WARN_ABOUT_RETURN_TYPE = YES_ERROR;
				GCC_WARN_UNDECLARED_SELECTOR = YES;
				GCC_WARN_UNINITIALIZED_AUTOS = YES_AGGRESSIVE;
				GCC_WARN_UNUSED_FUNCTION = YES;
				GCC_WARN_UNUSED_VARIABLE = YES;
				MACOSX_DEPLOYMENT_TARGET = 11.6;
				MTL_ENABLE_DEBUG_INFO = NO;
				MTL_FAST_MATH = YES;
				SDKROOT = macosx;
				SWIFT_COMPILATION_MODE = wholemodule;
				SWIFT_OPTIMIZATION_LEVEL = "-O";
			};
			name = Release;
		};
		1DDAA14528A5FF7B008573D1 /* Debug */ = {
			isa = XCBuildConfiguration;
			buildSettings = {
				ASSETCATALOG_COMPILER_APPICON_NAME = AppIcon;
				ASSETCATALOG_COMPILER_GLOBAL_ACCENT_COLOR_NAME = AccentColor;
				CODE_SIGN_ENTITLEMENTS = AOC2021/AOC2021.entitlements;
				CODE_SIGN_STYLE = Automatic;
				COMBINE_HIDPI_IMAGES = YES;
				CURRENT_PROJECT_VERSION = 1;
				DEVELOPMENT_ASSET_PATHS = "\"AOC2021/Preview Content\"";
				DEVELOPMENT_TEAM = WD6W83WWK7;
				ENABLE_HARDENED_RUNTIME = YES;
				ENABLE_PREVIEWS = YES;
				GENERATE_INFOPLIST_FILE = YES;
				INFOPLIST_KEY_NSHumanReadableCopyright = "";
				LD_RUNPATH_SEARCH_PATHS = (
					"$(inherited)",
					"@executable_path/../Frameworks",
				);
				MARKETING_VERSION = 1.0;
				PRODUCT_BUNDLE_IDENTIFIER = com.MarkSherstan.AOC2021;
				PRODUCT_NAME = "$(TARGET_NAME)";
				SWIFT_EMIT_LOC_STRINGS = YES;
				SWIFT_VERSION = 5.0;
			};
			name = Debug;
		};
		1DDAA14628A5FF7B008573D1 /* Release */ = {
			isa = XCBuildConfiguration;
			buildSettings = {
				ASSETCATALOG_COMPILER_APPICON_NAME = AppIcon;
				ASSETCATALOG_COMPILER_GLOBAL_ACCENT_COLOR_NAME = AccentColor;
				CODE_SIGN_ENTITLEMENTS = AOC2021/AOC2021.entitlements;
				CODE_SIGN_STYLE = Automatic;
				COMBINE_HIDPI_IMAGES = YES;
				CURRENT_PROJECT_VERSION = 1;
				DEVELOPMENT_ASSET_PATHS = "\"AOC2021/Preview Content\"";
				DEVELOPMENT_TEAM = WD6W83WWK7;
				ENABLE_HARDENED_RUNTIME = YES;
				ENABLE_PREVIEWS = YES;
				GENERATE_INFOPLIST_FILE = YES;
				INFOPLIST_KEY_NSHumanReadableCopyright = "";
				LD_RUNPATH_SEARCH_PATHS = (
					"$(inherited)",
					"@executable_path/../Frameworks",
				);
				MARKETING_VERSION = 1.0;
				PRODUCT_BUNDLE_IDENTIFIER = com.MarkSherstan.AOC2021;
				PRODUCT_NAME = "$(TARGET_NAME)";
				SWIFT_EMIT_LOC_STRINGS = YES;
				SWIFT_VERSION = 5.0;
			};
			name = Release;
		};
/* End XCBuildConfiguration section */

/* Begin XCConfigurationList section */
		1DDAA13028A5FF76008573D1 /* Build configuration list for PBXProject "AOC2021" */ = {
			isa = XCConfigurationList;
			buildConfigurations = (
				1DDAA14228A5FF7B008573D1 /* Debug */,
				1DDAA14328A5FF7B008573D1 /* Release */,
			);
			defaultConfigurationIsVisible = 0;
			defaultConfigurationName = Release;
		};
		1DDAA14428A5FF7B008573D1 /* Build configuration list for PBXNativeTarget "AOC2021" */ = {
			isa = XCConfigurationList;
			buildConfigurations = (
				1DDAA14528A5FF7B008573D1 /* Debug */,
				1DDAA14628A5FF7B008573D1 /* Release */,
			);
			defaultConfigurationIsVisible = 0;
			defaultConfigurationName = Release;
		};
/* End XCConfigurationList section */
	};
	rootObject = 1DDAA12D28A5FF76008573D1 /* Project object */;
}
